<?xml version="1.0" encoding="utf-8"?>
<Project ToolsVersion="4.0" xmlns="http://schemas.microsoft.com/developer/msbuild/2003">
  <ItemGroup>
    <Filter Include="Source Files">
      <UniqueIdentifier>{4FC737F1-C7A5-4376-A066-2A32D752A2FF}</UniqueIdentifier>
      <Extensions>cpp;c;cc;cxx;c++;cppm;ixx;def;odl;idl;hpj;bat;asm;asmx</Extensions>
    </Filter>
    <Filter Include="Header Files">
      <UniqueIdentifier>{93995380-89BD-4b04-88EB-625FBE52EBFB}</UniqueIdentifier>
      <Extensions>h;hh;hpp;hxx;h++;hm;inl;inc;ipp;xsd</Extensions>
    </Filter>
    <Filter Include="Resource Files">
      <UniqueIdentifier>{67DA6AB6-F800-4c08-8B7A-83BB121AAD01}</UniqueIdentifier>
      <Extensions>rc;ico;cur;bmp;dlg;rc2;rct;bin;rgs;gif;jpg;jpeg;jpe;resx;tiff;tif;png;wav;mfcribbon-ms</Extensions>
    </Filter>
    <Filter Include="Header Files\Lexer">
      <UniqueIdentifier>{b56a65e1-8420-47a4-986c-5afaf292aa26}</UniqueIdentifier>
    </Filter>
    <Filter Include="Header Files\Parser">
      <UniqueIdentifier>{fe3a894f-aabd-4da8-be00-25f80a49d498}</UniqueIdentifier>
    </Filter>
    <Filter Include="Source Files\Lexer">
      <UniqueIdentifier>{27fd440e-3a1d-49f3-a6c4-da6ced9c31a7}</UniqueIdentifier>
    </Filter>
    <Filter Include="Source Files\Parser">
      <UniqueIdentifier>{5bc43fa0-4f89-44f4-939c-4fc318448f94}</UniqueIdentifier>
    </Filter>
    <Filter Include="Header Files\Parser\ParsingTable">
      <UniqueIdentifier>{44fe9f1c-166e-47ad-be15-5f5cb844ca88}</UniqueIdentifier>
    </Filter>
    <Filter Include="Source Files\Parser\ParsingTable">
      <UniqueIdentifier>{cdfbaf1e-f4f8-4565-85b5-41af810904c3}</UniqueIdentifier>
    </Filter>
    <Filter Include="Header Files\Semantic">
      <UniqueIdentifier>{293d3fce-22f9-4c1c-84e6-934bfd1b2c77}</UniqueIdentifier>
    </Filter>
    <Filter Include="Source Files\Semantic">
      <UniqueIdentifier>{5054076f-cf9f-4207-ae5a-5cf269f7fc2b}</UniqueIdentifier>
    </Filter>
  </ItemGroup>
  <ItemGroup>
    <None Include="HPL grammar.bnf">
      <Filter>Resource Files</Filter>
    </None>
    <None Include="Main.hpl">
      <Filter>Resource Files</Filter>
    </None>
  </ItemGroup>
  <ItemGroup>
    <ClInclude Include="Compiler.h">
      <Filter>Header Files</Filter>
    </ClInclude>
    <ClInclude Include="Global.h">
      <Filter>Header Files</Filter>
    </ClInclude>
    <ClInclude Include="Lexer.h">
      <Filter>Header Files\Lexer</Filter>
    </ClInclude>
    <ClInclude Include="Parser.h">
      <Filter>Header Files\Parser</Filter>
    </ClInclude>
    <ClInclude Include="ParsingStack.h">
      <Filter>Header Files\Parser</Filter>
    </ClInclude>
    <ClInclude Include="TransitionTable.h">
      <Filter>Header Files\Lexer</Filter>
    </ClInclude>
    <ClInclude Include="AST.h">
      <Filter>Header Files\Parser</Filter>
    </ClInclude>
    <ClInclude Include="ParsingTable.h">
      <Filter>Header Files\Parser\ParsingTable</Filter>
    </ClInclude>
    <ClInclude Include="ActionTable.h">
      <Filter>Header Files\Parser\ParsingTable</Filter>
    </ClInclude>
    <ClInclude Include="GotoTable.h">
      <Filter>Header Files\Parser\ParsingTable</Filter>
    </ClInclude>
    <ClInclude Include="SymbolTable.h">
      <Filter>Header Files\Semantic</Filter>
    </ClInclude>
    <ClInclude Include="SemanticAnalyzer.h">
      <Filter>Header Files\Semantic</Filter>
    </ClInclude>
  </ItemGroup>
  <ItemGroup>
    <ClCompile Include="Compiler.c">
      <Filter>Source Files</Filter>
    </ClCompile>
    <ClCompile Include="Main.c">
      <Filter>Source Files</Filter>
    </ClCompile>
    <ClCompile Include="LexerFSM.h">
      <Filter>Header Files\Lexer</Filter>
    </ClCompile>
    <ClCompile Include="LexerFSM.c">
      <Filter>Source Files\Lexer</Filter>
    </ClCompile>
    <ClCompile Include="Lexer.c">
      <Filter>Source Files\Lexer</Filter>
    </ClCompile>
    <ClCompile Include="TransitionTable.c">
      <Filter>Source Files\Lexer</Filter>
    </ClCompile>
    <ClCompile Include="Parser.c">
      <Filter>Source Files\Parser</Filter>
    </ClCompile>
    <ClCompile Include="ParsingStack.c">
      <Filter>Source Files\Parser</Filter>
    </ClCompile>
    <ClCompile Include="AST.c">
      <Filter>Source Files\Parser</Filter>
    </ClCompile>
    <ClCompile Include="ParsingTable.c">
      <Filter>Source Files\Parser\ParsingTable</Filter>
    </ClCompile>
    <ClCompile Include="ActionTable.c">
      <Filter>Source Files\Parser\ParsingTable</Filter>
    </ClCompile>
    <ClCompile Include="GotoTable.c">
      <Filter>Source Files\Parser\ParsingTable</Filter>
    </ClCompile>
    <ClCompile Include="SymbolTable.c">
      <Filter>Source Files\Semantic</Filter>
    </ClCompile>
    <ClCompile Include="SemanticAnalyzer.c">
      <Filter>Source Files\Semantic</Filter>
    </ClCompile>
    <ClCompile Include="ScopeStack.h">
      <Filter>Header Files\Semantic</Filter>
    </ClCompile>
    <ClCompile Include="ScopeStack.c">
      <Filter>Source Files\Semantic</Filter>
    </ClCompile>
  </ItemGroup>
</Project>